{
  "name": "fa-svelte",
  "version": "0.2.0",
  "lockfileVersion": 1,
  "requires": true,
  "dependencies": {
    "svelte": {
      "version": "2.13.2",
      "resolved": "https://registry.npmjs.org/svelte/-/svelte-2.13.2.tgz",
      "integrity": "sha512-b27mBrxCR3CK06iiNdwynq34WV9I9VBBoeO+Rg9lTuRiaYmbN1eG1+6llxvn1VjPt6PGm3EskYOfR85piiCUfA==",
      "dev": true
    }
  }
}
