{
  "name": "fa-svelte",
  "version": "0.1.0",
  "lockfileVersion": 1,
  "requires": true,
  "dependencies": {
    "@fortawesome/fontawesome-common-types": {
      "version": "0.2.2",
      "resolved": "https://registry.npmjs.org/@fortawesome/fontawesome-common-types/-/fontawesome-common-types-0.2.2.tgz",
      "integrity": "sha512-OBzXzYJ+nDMece2nKeuV7hLuwqPN3jv1Fk56gag2DL4BiwWl8gkFQplj5Krep9HwtjFxbM6/DWN6ZG7FRC5N0w=="
    },
    "@fortawesome/fontawesome-svg-core": {
      "version": "1.2.2",
      "resolved": "https://registry.npmjs.org/@fortawesome/fontawesome-svg-core/-/fontawesome-svg-core-1.2.2.tgz",
      "integrity": "sha512-j+DmvRF3FPekdLir3ocSl3fO12FxKXEot/kqeodUqTBsmU0EcPvRLn9ip3xzQrMSJ2cWyqv4GNxFm5kT0XR8mw==",
      "requires": {
        "@fortawesome/fontawesome-common-types": "0.2.2"
      }
    }
  }
}
